
Microsoft Visual Studio Solution File, Format Version 12.00
# Visual Studio Version 16
VisualStudioVersion = 16.0.31729.503
MinimumVisualStudioVersion = 10.0.40219.1
Project("{FAE04EC0-301F-11D3-BF4B-00C04F79EFBC}") = "Server", "Server\Server.csproj", "{331CC1F4-8D69-4D6D-81FB-3527B5F542CE}"
EndProject
Project("{FAE04EC0-301F-11D3-BF4B-00C04F79EFBC}") = "Client", "Client\Client.csproj", "{E110ECCB-49FF-4CA9-8772-945E974CC0B4}"
EndProject
Global
	GlobalSection(SolutionConfigurationPlatforms) = preSolution
		Debug|Any CPU = Debug|Any CPU
		Release|Any CPU = Release|Any CPU
	EndGlobalSection
	GlobalSection(ProjectConfigurationPlatforms) = postSolution
		{331CC1F4-8D69-4D6D-81FB-3527B5F542CE}.Debug|Any CPU.ActiveCfg = Debug|Any CPU
		{331CC1F4-8D69-4D6D-81FB-3527B5F542CE}.Debug|Any CPU.Build.0 = Debug|Any CPU
		{331CC1F4-8D69-4D6D-81FB-3527B5F542CE}.Release|Any CPU.ActiveCfg = Release|Any CPU
		{331CC1F4-8D69-4D6D-81FB-3527B5F542CE}.Release|Any CPU.Build.0 = Release|Any CPU
		{E110ECCB-49FF-4CA9-8772-945E974CC0B4}.Debug|Any CPU.ActiveCfg = Debug|Any CPU
		{E110ECCB-49FF-4CA9-8772-945E974CC0B4}.Debug|Any CPU.Build.0 = Debug|Any CPU
		{E110ECCB-49FF-4CA9-8772-945E974CC0B4}.Release|Any CPU.ActiveCfg = Release|Any CPU
		{E110ECCB-49FF-4CA9-8772-945E974CC0B4}.Release|Any CPU.Build.0 = Release|Any CPU
	EndGlobalSection
	GlobalSection(SolutionProperties) = preSolution
		HideSolutionNode = FALSE
	EndGlobalSection
	GlobalSection(ExtensibilityGlobals) = postSolution
		SolutionGuid = {BEC1A14D-275E-44B9-B041-550FD4974453}
	EndGlobalSection
EndGlobal
